// !$*UTF8*$!
{
	archiveVersion = 1;
	classes = {
	};
	objectVersion = 77;
	objects = {

/* Begin PBXContainerItemProxy section */
		F16084F42DB1ECFF00E7653A /* PBXContainerItemProxy */ = {
			isa = PBXContainerItemProxy;
			containerPortal = F16084DB2DB1ECFB00E7653A /* Project object */;
			proxyType = 1;
			remoteGlobalIDString = F16084E22DB1ECFB00E7653A;
			remoteInfo = "GithubUsers App";
		};
		F16084FE2DB1ED0000E7653A /* PBXContainerItemProxy */ = {
			isa = PBXContainerItemProxy;
			containerPortal = F16084DB2DB1ECFB00E7653A /* Project object */;
			proxyType = 1;
			remoteGlobalIDString = F16084E22DB1ECFB00E7653A;
			remoteInfo = "GithubUsers App";
		};
/* End PBXContainerItemProxy section */

/* Begin PBXFileReference section */
		F16084E32DB1ECFB00E7653A /* GithubUsers App.app */ = {isa = PBXFileReference; explicitFileType = wrapper.application; includeInIndex = 0; path = "GithubUsers App.app"; sourceTree = BUILT_PRODUCTS_DIR; };
		F16084F32DB1ECFF00E7653A /* GithubUsers AppTests.xctest */ = {isa = PBXFileReference; explicitFileType = wrapper.cfbundle; includeInIndex = 0; path = "GithubUsers AppTests.xctest"; sourceTree = BUILT_PRODUCTS_DIR; };
		F16084FD2DB1ED0000E7653A /* GithubUsers AppUITests.xctest */ = {isa = PBXFileReference; explicitFileType = wrapper.cfbundle; includeInIndex = 0; path = "GithubUsers AppUITests.xctest"; sourceTree = BUILT_PRODUCTS_DIR; };
/* End PBXFileReference section */

/* Begin PBXFileSystemSynchronizedRootGroup section */
		F16084E52DB1ECFB00E7653A /* GithubUsers App */ = {
			isa = PBXFileSystemSynchronizedRootGroup;
			path = "GithubUsers App";
			sourceTree = "<group>";
		};
		F16084F62DB1ECFF00E7653A /* GithubUsers AppTests */ = {
			isa = PBXFileSystemSynchronizedRootGroup;
			path = "GithubUsers AppTests";
			sourceTree = "<group>";
		};
		F16085002DB1ED0000E7653A /* GithubUsers AppUITests */ = {
			isa = PBXFileSystemSynchronizedRootGroup;
			path = "GithubUsers AppUITests";
			sourceTree = "<group>";
		};
/* End PBXFileSystemSynchronizedRootGroup section */

/* Begin PBXFrameworksBuildPhase section */
		F16084E02DB1ECFB00E7653A /* Frameworks */ = {
			isa = PBXFrameworksBuildPhase;
			buildActionMask = 2147483647;
			files = (
			);
			runOnlyForDeploymentPostprocessing = 0;
		};
		F16084F02DB1ECFF00E7653A /* Frameworks */ = {
			isa = PBXFrameworksBuildPhase;
			buildActionMask = 2147483647;
			files = (
			);
			runOnlyForDeploymentPostprocessing = 0;
		};
		F16084FA2DB1ECFF00E7653A /* Frameworks */ = {
			isa = PBXFrameworksBuildPhase;
			buildActionMask = 2147483647;
			files = (
			);
			runOnlyForDeploymentPostprocessing = 0;
		};
/* End PBXFrameworksBuildPhase section */

/* Begin PBXGroup section */
		F16084DA2DB1ECFB00E7653A = {
			isa = PBXGroup;
			children = (
				F16084E52DB1ECFB00E7653A /* GithubUsers App */,
				F16084F62DB1ECFF00E7653A /* GithubUsers AppTests */,
				F16085002DB1ED0000E7653A /* GithubUsers AppUITests */,
				F16084E42DB1ECFB00E7653A /* Products */,
			);
			sourceTree = "<group>";
		};
		F16084E42DB1ECFB00E7653A /* Products */ = {
			isa = PBXGroup;
			children = (
				F16084E32DB1ECFB00E7653A /* GithubUsers App.app */,
				F16084F32DB1ECFF00E7653A /* GithubUsers AppTests.xctest */,
				F16084FD2DB1ED0000E7653A /* GithubUsers AppUITests.xctest */,
			);
			name = Products;
			sourceTree = "<group>";
		};
/* End PBXGroup section */

/* Begin PBXNativeTarget section */
		F16084E22DB1ECFB00E7653A /* GithubUsers App */ = {
			isa = PBXNativeTarget;
			buildConfigurationList = F16085072DB1ED0000E7653A /* Build configuration list for PBXNativeTarget "GithubUsers App" */;
			buildPhases = (
				F16084DF2DB1ECFB00E7653A /* Sources */,
				F16084E02DB1ECFB00E7653A /* Frameworks */,
				F16084E12DB1ECFB00E7653A /* Resources */,
			);
			buildRules = (
			);
			dependencies = (
			);
			fileSystemSynchronizedGroups = (
				F16084E52DB1ECFB00E7653A /* GithubUsers App */,
			);
			name = "GithubUsers App";
			packageProductDependencies = (
			);
			productName = "GithubUsers App";
			productReference = F16084E32DB1ECFB00E7653A /* GithubUsers App.app */;
			productType = "com.apple.product-type.application";
		};
		F16084F22DB1ECFF00E7653A /* GithubUsers AppTests */ = {
			isa = PBXNativeTarget;
			buildConfigurationList = F160850A2DB1ED0000E7653A /* Build configuration list for PBXNativeTarget "GithubUsers AppTests" */;
			buildPhases = (
				F16084EF2DB1ECFF00E7653A /* Sources */,
				F16084F02DB1ECFF00E7653A /* Frameworks */,
				F16084F12DB1ECFF00E7653A /* Resources */,
			);
			buildRules = (
			);
			dependencies = (
				F16084F52DB1ECFF00E7653A /* PBXTargetDependency */,
			);
			fileSystemSynchronizedGroups = (
				F16084F62DB1ECFF00E7653A /* GithubUsers AppTests */,
			);
			name = "GithubUsers AppTests";
			packageProductDependencies = (
			);
			productName = "GithubUsers AppTests";
			productReference = F16084F32DB1ECFF00E7653A /* GithubUsers AppTests.xctest */;
			productType = "com.apple.product-type.bundle.unit-test";
		};
		F16084FC2DB1ECFF00E7653A /* GithubUsers AppUITests */ = {
			isa = PBXNativeTarget;
			buildConfigurationList = F160850D2DB1ED0000E7653A /* Build configuration list for PBXNativeTarget "GithubUsers AppUITests" */;
			buildPhases = (
				F16084F92DB1ECFF00E7653A /* Sources */,
				F16084FA2DB1ECFF00E7653A /* Frameworks */,
				F16084FB2DB1ECFF00E7653A /* Resources */,
			);
			buildRules = (
			);
			dependencies = (
				F16084FF2DB1ED0000E7653A /* PBXTargetDependency */,
			);
			fileSystemSynchronizedGroups = (
				F16085002DB1ED0000E7653A /* GithubUsers AppUITests */,
			);
			name = "GithubUsers AppUITests";
			packageProductDependencies = (
			);
			productName = "GithubUsers AppUITests";
			productReference = F16084FD2DB1ED0000E7653A /* GithubUsers AppUITests.xctest */;
			productType = "com.apple.product-type.bundle.ui-testing";
		};
/* End PBXNativeTarget section */

/* Begin PBXProject section */
		F16084DB2DB1ECFB00E7653A /* Project object */ = {
			isa = PBXProject;
			attributes = {
				BuildIndependentTargetsInParallel = 1;
				LastSwiftUpdateCheck = 1620;
				LastUpgradeCheck = 1620;
				TargetAttributes = {
					F16084E22DB1ECFB00E7653A = {
						CreatedOnToolsVersion = 16.2;
					};
					F16084F22DB1ECFF00E7653A = {
						CreatedOnToolsVersion = 16.2;
						TestTargetID = F16084E22DB1ECFB00E7653A;
					};
					F16084FC2DB1ECFF00E7653A = {
						CreatedOnToolsVersion = 16.2;
						TestTargetID = F16084E22DB1ECFB00E7653A;
					};
				};
			};
			buildConfigurationList = F16084DE2DB1ECFB00E7653A /* Build configuration list for PBXProject "GithubUsers App" */;
			developmentRegion = en;
			hasScannedForEncodings = 0;
			knownRegions = (
				en,
				Base,
			);
			mainGroup = F16084DA2DB1ECFB00E7653A;
			minimizedProjectReferenceProxies = 1;
			preferredProjectObjectVersion = 77;
			productRefGroup = F16084E42DB1ECFB00E7653A /* Products */;
			projectDirPath = "";
			projectRoot = "";
			targets = (
				F16084E22DB1ECFB00E7653A /* GithubUsers App */,
				F16084F22DB1ECFF00E7653A /* GithubUsers AppTests */,
				F16084FC2DB1ECFF00E7653A /* GithubUsers AppUITests */,
			);
		};
/* End PBXProject section */

/* Begin PBXResourcesBuildPhase section */
		F16084E12DB1ECFB00E7653A /* Resources */ = {
			isa = PBXResourcesBuildPhase;
			buildActionMask = 2147483647;
			files = (
			);
			runOnlyForDeploymentPostprocessing = 0;
		};
		F16084F12DB1ECFF00E7653A /* Resources */ = {
			isa = PBXResourcesBuildPhase;
			buildActionMask = 2147483647;
			files = (
			);
			runOnlyForDeploymentPostprocessing = 0;
		};
		F16084FB2DB1ECFF00E7653A /* Resources */ = {
			isa = PBXResourcesBuildPhase;
			buildActionMask = 2147483647;
			files = (
			);
			runOnlyForDeploymentPostprocessing = 0;
		};
/* End PBXResourcesBuildPhase section */

/* Begin PBXSourcesBuildPhase section */
		F16084DF2DB1ECFB00E7653A /* Sources */ = {
			isa = PBXSourcesBuildPhase;
			buildActionMask = 2147483647;
			files = (
			);
			runOnlyForDeploymentPostprocessing = 0;
		};
		F16084EF2DB1ECFF00E7653A /* Sources */ = {
			isa = PBXSourcesBuildPhase;
			buildActionMask = 2147483647;
			files = (
			);
			runOnlyForDeploymentPostprocessing = 0;
		};
		F16084F92DB1ECFF00E7653A /* Sources */ = {
			isa = PBXSourcesBuildPhase;
			buildActionMask = 2147483647;
			files = (
			);
			runOnlyForDeploymentPostprocessing = 0;
		};
/* End PBXSourcesBuildPhase section */

/* Begin PBXTargetDependency section */
		F16084F52DB1ECFF00E7653A /* PBXTargetDependency */ = {
			isa = PBXTargetDependency;
			target = F16084E22DB1ECFB00E7653A /* GithubUsers App */;
			targetProxy = F16084F42DB1ECFF00E7653A /* PBXContainerItemProxy */;
		};
		F16084FF2DB1ED0000E7653A /* PBXTargetDependency */ = {
			isa = PBXTargetDependency;
			target = F16084E22DB1ECFB00E7653A /* GithubUsers App */;
			targetProxy = F16084FE2DB1ED0000E7653A /* PBXContainerItemProxy */;
		};
/* End PBXTargetDependency section */

/* Begin XCBuildConfiguration section */
		F16085052DB1ED0000E7653A /* Debug */ = {
			isa = XCBuildConfiguration;
			buildSettings = {
				ALWAYS_SEARCH_USER_PATHS = NO;
				ASSETCATALOG_COMPILER_GENERATE_SWIFT_ASSET_SYMBOL_EXTENSIONS = YES;
				CLANG_ANALYZER_NONNULL = YES;
				CLANG_ANALYZER_NUMBER_OBJECT_CONVERSION = YES_AGGRESSIVE;
				CLANG_CXX_LANGUAGE_STANDARD = "gnu++20";
				CLANG_ENABLE_MODULES = YES;
				CLANG_ENABLE_OBJC_ARC = YES;
				CLANG_ENABLE_OBJC_WEAK = YES;
				CLANG_WARN_BLOCK_CAPTURE_AUTORELEASING = YES;
				CLANG_WARN_BOOL_CONVERSION = YES;
				CLANG_WARN_COMMA = YES;
				CLANG_WARN_CONSTANT_CONVERSION = YES;
				CLANG_WARN_DEPRECATED_OBJC_IMPLEMENTATIONS = YES;
				CLANG_WARN_DIRECT_OBJC_ISA_USAGE = YES_ERROR;
				CLANG_WARN_DOCUMENTATION_COMMENTS = YES;
				CLANG_WARN_EMPTY_BODY = YES;
				CLANG_WARN_ENUM_CONVERSION = YES;
				CLANG_WARN_INFINITE_RECURSION = YES;
				CLANG_WARN_INT_CONVERSION = YES;
				CLANG_WARN_NON_LITERAL_NULL_CONVERSION = YES;
				CLANG_WARN_OBJC_IMPLICIT_RETAIN_SELF = YES;
				CLANG_WARN_OBJC_LITERAL_CONVERSION = YES;
				CLANG_WARN_OBJC_ROOT_CLASS = YES_ERROR;
				CLANG_WARN_QUOTED_INCLUDE_IN_FRAMEWORK_HEADER = YES;
				CLANG_WARN_RANGE_LOOP_ANALYSIS = YES;
				CLANG_WARN_STRICT_PROTOTYPES = YES;
				CLANG_WARN_SUSPICIOUS_MOVE = YES;
				CLANG_WARN_UNGUARDED_AVAILABILITY = YES_AGGRESSIVE;
				CLANG_WARN_UNREACHABLE_CODE = YES;
				CLANG_WARN__DUPLICATE_METHOD_MATCH = YES;
				COPY_PHASE_STRIP = NO;
				DEBUG_INFORMATION_FORMAT = dwarf;
				ENABLE_STRICT_OBJC_MSGSEND = YES;
				ENABLE_TESTABILITY = YES;
				ENABLE_USER_SCRIPT_SANDBOXING = YES;
				GCC_C_LANGUAGE_STANDARD = gnu17;
				GCC_DYNAMIC_NO_PIC = NO;
				GCC_NO_COMMON_BLOCKS = YES;
				GCC_OPTIMIZATION_LEVEL = 0;
				GCC_PREPROCESSOR_DEFINITIONS = (
					"DEBUG=1",
					"$(inherited)",
				);
				GCC_WARN_64_TO_32_BIT_CONVERSION = YES;
				GCC_WARN_ABOUT_RETURN_TYPE = YES_ERROR;
				GCC_WARN_UNDECLARED_SELECTOR = YES;
				GCC_WARN_UNINITIALIZED_AUTOS = YES_AGGRESSIVE;
				GCC_WARN_UNUSED_FUNCTION = YES;
				GCC_WARN_UNUSED_VARIABLE = YES;
				IPHONEOS_DEPLOYMENT_TARGET = 18.2;
				LOCALIZATION_PREFERS_STRING_CATALOGS = YES;
				MTL_ENABLE_DEBUG_INFO = INCLUDE_SOURCE;
				MTL_FAST_MATH = YES;
				ONLY_ACTIVE_ARCH = YES;
				SDKROOT = iphoneos;
				SWIFT_ACTIVE_COMPILATION_CONDITIONS = "DEBUG $(inherited)";
				SWIFT_OPTIMIZATION_LEVEL = "-Onone";
			};
			name = Debug;
		};
		F16085062DB1ED0000E7653A /* Release */ = {
			isa = XCBuildConfiguration;
			buildSettings = {
				ALWAYS_SEARCH_USER_PATHS = NO;
				ASSETCATALOG_COMPILER_GENERATE_SWIFT_ASSET_SYMBOL_EXTENSIONS = YES;
				CLANG_ANALYZER_NONNULL = YES;
				CLANG_ANALYZER_NUMBER_OBJECT_CONVERSION = YES_AGGRESSIVE;
				CLANG_CXX_LANGUAGE_STANDARD = "gnu++20";
				CLANG_ENABLE_MODULES = YES;
				CLANG_ENABLE_OBJC_ARC = YES;
				CLANG_ENABLE_OBJC_WEAK = YES;
				CLANG_WARN_BLOCK_CAPTURE_AUTORELEASING = YES;
				CLANG_WARN_BOOL_CONVERSION = YES;
				CLANG_WARN_COMMA = YES;
				CLANG_WARN_CONSTANT_CONVERSION = YES;
				CLANG_WARN_DEPRECATED_OBJC_IMPLEMENTATIONS = YES;
				CLANG_WARN_DIRECT_OBJC_ISA_USAGE = YES_ERROR;
				CLANG_WARN_DOCUMENTATION_COMMENTS = YES;
				CLANG_WARN_EMPTY_BODY = YES;
				CLANG_WARN_ENUM_CONVERSION = YES;
				CLANG_WARN_INFINITE_RECURSION = YES;
				CLANG_WARN_INT_CONVERSION = YES;
				CLANG_WARN_NON_LITERAL_NULL_CONVERSION = YES;
				CLANG_WARN_OBJC_IMPLICIT_RETAIN_SELF = YES;
				CLANG_WARN_OBJC_LITERAL_CONVERSION = YES;
				CLANG_WARN_OBJC_ROOT_CLASS = YES_ERROR;
				CLANG_WARN_QUOTED_INCLUDE_IN_FRAMEWORK_HEADER = YES;
				CLANG_WARN_RANGE_LOOP_ANALYSIS = YES;
				CLANG_WARN_STRICT_PROTOTYPES = YES;
				CLANG_WARN_SUSPICIOUS_MOVE = YES;
				CLANG_WARN_UNGUARDED_AVAILABILITY = YES_AGGRESSIVE;
				CLANG_WARN_UNREACHABLE_CODE = YES;
				CLANG_WARN__DUPLICATE_METHOD_MATCH = YES;
				COPY_PHASE_STRIP = NO;
				DEBUG_INFORMATION_FORMAT = "dwarf-with-dsym";
				ENABLE_NS_ASSERTIONS = NO;
				ENABLE_STRICT_OBJC_MSGSEND = YES;
				ENABLE_USER_SCRIPT_SANDBOXING = YES;
				GCC_C_LANGUAGE_STANDARD = gnu17;
				GCC_NO_COMMON_BLOCKS = YES;
				GCC_WARN_64_TO_32_BIT_CONVERSION = YES;
				GCC_WARN_ABOUT_RETURN_TYPE = YES_ERROR;
				GCC_WARN_UNDECLARED_SELECTOR = YES;
				GCC_WARN_UNINITIALIZED_AUTOS = YES_AGGRESSIVE;
				GCC_WARN_UNUSED_FUNCTION = YES;
				GCC_WARN_UNUSED_VARIABLE = YES;
				IPHONEOS_DEPLOYMENT_TARGET = 18.2;
				LOCALIZATION_PREFERS_STRING_CATALOGS = YES;
				MTL_ENABLE_DEBUG_INFO = NO;
				MTL_FAST_MATH = YES;
				SDKROOT = iphoneos;
				SWIFT_COMPILATION_MODE = wholemodule;
				VALIDATE_PRODUCT = YES;
			};
			name = Release;
		};
		F16085082DB1ED0000E7653A /* Debug */ = {
			isa = XCBuildConfiguration;
			buildSettings = {
				ASSETCATALOG_COMPILER_APPICON_NAME = AppIcon;
				ASSETCATALOG_COMPILER_GLOBAL_ACCENT_COLOR_NAME = AccentColor;
				CODE_SIGN_STYLE = Automatic;
				CURRENT_PROJECT_VERSION = 1;
				DEVELOPMENT_ASSET_PATHS = "\"GithubUsers App/Supporting Files/Preview Content\"";
				DEVELOPMENT_TEAM = U3QLWV6K6Y;
				ENABLE_PREVIEWS = YES;
				GENERATE_INFOPLIST_FILE = YES;
				INFOPLIST_KEY_UIApplicationSceneManifest_Generation = YES;
				INFOPLIST_KEY_UIApplicationSupportsIndirectInputEvents = YES;
				INFOPLIST_KEY_UILaunchScreen_Generation = YES;
				INFOPLIST_KEY_UISupportedInterfaceOrientations_iPad = "UIInterfaceOrientationPortrait UIInterfaceOrientationPortraitUpsideDown UIInterfaceOrientationLandscapeLeft UIInterfaceOrientationLandscapeRight";
				INFOPLIST_KEY_UISupportedInterfaceOrientations_iPhone = "UIInterfaceOrientationPortrait UIInterfaceOrientationLandscapeLeft UIInterfaceOrientationLandscapeRight";
				LD_RUNPATH_SEARCH_PATHS = (
					"$(inherited)",
					"@executable_path/Frameworks",
				);
				MARKETING_VERSION = 1.0;
				PRODUCT_BUNDLE_IDENTIFIER = "com.ahmed.GithubUsers-App";
				PRODUCT_NAME = "$(TARGET_NAME)";
				SWIFT_EMIT_LOC_STRINGS = YES;
				SWIFT_VERSION = 5.0;
				TARGETED_DEVICE_FAMILY = "1,2";
			};
			name = Debug;
		};
		F16085092DB1ED0000E7653A /* Release */ = {
			isa = XCBuildConfiguration;
			buildSettings = {
				ASSETCATALOG_COMPILER_APPICON_NAME = AppIcon;
				ASSETCATALOG_COMPILER_GLOBAL_ACCENT_COLOR_NAME = AccentColor;
				CODE_SIGN_STYLE = Automatic;
				CURRENT_PROJECT_VERSION = 1;
				DEVELOPMENT_ASSET_PATHS = "\"GithubUsers App/Supporting Files/Preview Content\"";
				DEVELOPMENT_TEAM = U3QLWV6K6Y;
				ENABLE_PREVIEWS = YES;
				GENERATE_INFOPLIST_FILE = YES;
				INFOPLIST_KEY_UIApplicationSceneManifest_Generation = YES;
				INFOPLIST_KEY_UIApplicationSupportsIndirectInputEvents = YES;
				INFOPLIST_KEY_UILaunchScreen_Generation = YES;
				INFOPLIST_KEY_UISupportedInterfaceOrientations_iPad = "UIInterfaceOrientationPortrait UIInterfaceOrientationPortraitUpsideDown UIInterfaceOrientationLandscapeLeft UIInterfaceOrientationLandscapeRight";
				INFOPLIST_KEY_UISupportedInterfaceOrientations_iPhone = "UIInterfaceOrientationPortrait UIInterfaceOrientationLandscapeLeft UIInterfaceOrientationLandscapeRight";
				LD_RUNPATH_SEARCH_PATHS = (
					"$(inherited)",
					"@executable_path/Frameworks",
				);
				MARKETING_VERSION = 1.0;
				PRODUCT_BUNDLE_IDENTIFIER = "com.ahmed.GithubUsers-App";
				PRODUCT_NAME = "$(TARGET_NAME)";
				SWIFT_EMIT_LOC_STRINGS = YES;
				SWIFT_VERSION = 5.0;
				TARGETED_DEVICE_FAMILY = "1,2";
			};
			name = Release;
		};
		F160850B2DB1ED0000E7653A /* Debug */ = {
			isa = XCBuildConfiguration;
			buildSettings = {
				BUNDLE_LOADER = "$(TEST_HOST)";
				CODE_SIGN_STYLE = Automatic;
				CURRENT_PROJECT_VERSION = 1;
				DEVELOPMENT_TEAM = U3QLWV6K6Y;
				GENERATE_INFOPLIST_FILE = YES;
				IPHONEOS_DEPLOYMENT_TARGET = 18.2;
				MARKETING_VERSION = 1.0;
				PRODUCT_BUNDLE_IDENTIFIER = "com.ahmed.GithubUsers-AppTests";
				PRODUCT_NAME = "$(TARGET_NAME)";
				SWIFT_EMIT_LOC_STRINGS = NO;
				SWIFT_VERSION = 5.0;
				TARGETED_DEVICE_FAMILY = "1,2";
				TEST_HOST = "$(BUILT_PRODUCTS_DIR)/GithubUsers App.app/$(BUNDLE_EXECUTABLE_FOLDER_PATH)/GithubUsers App";
			};
			name = Debug;
		};
		F160850C2DB1ED0000E7653A /* Release */ = {
			isa = XCBuildConfiguration;
			buildSettings = {
				BUNDLE_LOADER = "$(TEST_HOST)";
				CODE_SIGN_STYLE = Automatic;
				CURRENT_PROJECT_VERSION = 1;
				DEVELOPMENT_TEAM = U3QLWV6K6Y;
				GENERATE_INFOPLIST_FILE = YES;
				IPHONEOS_DEPLOYMENT_TARGET = 18.2;
				MARKETING_VERSION = 1.0;
				PRODUCT_BUNDLE_IDENTIFIER = "com.ahmed.GithubUsers-AppTests";
				PRODUCT_NAME = "$(TARGET_NAME)";
				SWIFT_EMIT_LOC_STRINGS = NO;
				SWIFT_VERSION = 5.0;
				TARGETED_DEVICE_FAMILY = "1,2";
				TEST_HOST = "$(BUILT_PRODUCTS_DIR)/GithubUsers App.app/$(BUNDLE_EXECUTABLE_FOLDER_PATH)/GithubUsers App";
			};
			name = Release;
		};
		F160850E2DB1ED0000E7653A /* Debug */ = {
			isa = XCBuildConfiguration;
			buildSettings = {
				CODE_SIGN_STYLE = Automatic;
				CURRENT_PROJECT_VERSION = 1;
				DEVELOPMENT_TEAM = U3QLWV6K6Y;
				GENERATE_INFOPLIST_FILE = YES;
				MARKETING_VERSION = 1.0;
				PRODUCT_BUNDLE_IDENTIFIER = "com.ahmed.GithubUsers-AppUITests";
				PRODUCT_NAME = "$(TARGET_NAME)";
				SWIFT_EMIT_LOC_STRINGS = NO;
				SWIFT_VERSION = 5.0;
				TARGETED_DEVICE_FAMILY = "1,2";
				TEST_TARGET_NAME = "GithubUsers App";
			};
			name = Debug;
		};
		F160850F2DB1ED0000E7653A /* Release */ = {
			isa = XCBuildConfiguration;
			buildSettings = {
				CODE_SIGN_STYLE = Automatic;
				CURRENT_PROJECT_VERSION = 1;
				DEVELOPMENT_TEAM = U3QLWV6K6Y;
				GENERATE_INFOPLIST_FILE = YES;
				MARKETING_VERSION = 1.0;
				PRODUCT_BUNDLE_IDENTIFIER = "com.ahmed.GithubUsers-AppUITests";
				PRODUCT_NAME = "$(TARGET_NAME)";
				SWIFT_EMIT_LOC_STRINGS = NO;
				SWIFT_VERSION = 5.0;
				TARGETED_DEVICE_FAMILY = "1,2";
				TEST_TARGET_NAME = "GithubUsers App";
			};
			name = Release;
		};
/* End XCBuildConfiguration section */

/* Begin XCConfigurationList section */
		F16084DE2DB1ECFB00E7653A /* Build configuration list for PBXProject "GithubUsers App" */ = {
			isa = XCConfigurationList;
			buildConfigurations = (
				F16085052DB1ED0000E7653A /* Debug */,
				F16085062DB1ED0000E7653A /* Release */,
			);
			defaultConfigurationIsVisible = 0;
			defaultConfigurationName = Release;
		};
		F16085072DB1ED0000E7653A /* Build configuration list for PBXNativeTarget "GithubUsers App" */ = {
			isa = XCConfigurationList;
			buildConfigurations = (
				F16085082DB1ED0000E7653A /* Debug */,
				F16085092DB1ED0000E7653A /* Release */,
			);
			defaultConfigurationIsVisible = 0;
			defaultConfigurationName = Release;
		};
		F160850A2DB1ED0000E7653A /* Build configuration list for PBXNativeTarget "GithubUsers AppTests" */ = {
			isa = XCConfigurationList;
			buildConfigurations = (
				F160850B2DB1ED0000E7653A /* Debug */,
				F160850C2DB1ED0000E7653A /* Release */,
			);
			defaultConfigurationIsVisible = 0;
			defaultConfigurationName = Release;
		};
		F160850D2DB1ED0000E7653A /* Build configuration list for PBXNativeTarget "GithubUsers AppUITests" */ = {
			isa = XCConfigurationList;
			buildConfigurations = (
				F160850E2DB1ED0000E7653A /* Debug */,
				F160850F2DB1ED0000E7653A /* Release */,
			);
			defaultConfigurationIsVisible = 0;
			defaultConfigurationName = Release;
		};
/* End XCConfigurationList section */
	};
	rootObject = F16084DB2DB1ECFB00E7653A /* Project object */;
}
